github.com/arvitaly/go-graphql-tools v0.0.0-20160619171204-76ac32860523 h1:pPkuAZjH+AxzBEiqJm2ET6xMBFwemL1Z+6BHxwZy6Og=
github.com/arvitaly/go-graphql-tools v0.0.0-20160619171204-76ac32860523/go.mod h1:u+zI/HPdajh7q9nJzSYOVVajmdGib+Ofa+2lmmAoftU=
github.com/bhoriuchi/graphql-go-tools v0.0.0-20190911192059-fe56277415a1 h1:9HAhaOMcG5fHaiuLjFHOauktFYxIcdLPST8lHzGiAA0=
github.com/bhoriuchi/graphql-go-tools v0.0.0-20190911192059-fe56277415a1/go.mod h1:RCXP/JsuA9ChoSfDDKZkBc/ojtZOqJU72JCO9copJbw=
github.com/carted/graphql v0.7.6 h1:1DAom3l7Irln/hHlPMBR6w/RirCXjopsCY9WCZc7WUc=
github.com/carted/graphql v0.7.6/go.mod h1:aIVByVaa4avHzEnahcnHbP48OrkT/+gTtxBT+dPV2R0=
github.com/davecgh/go-spew v1.1.0 h1:ZDRjVQ15GmhC3fiQ8ni8+OwkZQO4DARzQgrnXU1Liz8=
github.com/davecgh/go-spew v1.1.0/go.mod h1:J7Y8YcW2NihsgmVo/mv3lAwl/skON4iLHjSsI+c5H38=
github.com/graphql-go/graphql v0.7.9 h1:5Va/Rt4l5g3YjwDnid3vFfn43faaQBq7rMcIZ0VnV34=
github.com/graphql-go/graphql v0.7.9/go.mod h1:k6yrAYQaSP59DC5UVxbgxESlmVyojThKdORUqGDGmrI=
github.com/graphql-go/handler v0.2.3 h1:CANh8WPnl5M9uA25c2GBhPqJhE53Fg0Iue/fRNla71E=
github.com/graphql-go/handler v0.2.3/go.mod h1:leLF6RpV5uZMN1CdImAxuiayrYYhOk33bZciaUGaXeU=
github.com/graphql-go/relay v0.0.0-20171208134043-54350098cfe5 h1:7fNeIw+3vvQjnJWi+ayQfpz8Y1l788ZGsvrP7cGBG2M=
github.com/graphql-go/relay v0.0.0-20171208134043-54350098cfe5/go.mod h1:JaXUeU9JGLA7FGTZJ254WFzDz8NMfE9Pym6ipTmFnP4=
github.com/graphql/graphql v0.0.0-20200430170520-a1c1348c252e h1:q9nSBkV5qQT+UHB5ROnB4kNICoOfNLHxZv7yYn+zPkY=
github.com/pmezard/go-difflib v1.0.0 h1:4DBwDE0NGyQoBHbLQYPwSUPoCMWR5BEzIk/f1lZbAQM=
github.com/pmezard/go-difflib v1.0.0/go.mod h1:iKH77koFhYxTK1pcRnkKkqfTogsbg7gZNVY4sRDYZ/4=
github.com/remorses/graphql-go-tools v0.0.0-20190911192059-fe56277415a1 h1:e6e0aFBmgjsm7m0Mf5vL656h7oRfytT2ODCgHrMukvw=
github.com/remorses/graphql-go-tools v0.0.0-20190911192059-fe56277415a1/go.mod h1:oO7RviMuSoVdW1uBrannRMSLoRO6Hpzfds/908drdj4=
github.com/remorses/graphql-go-tools v0.0.0-20200506161536-a31d9b4aa896 h1:UDjGjpbyg49zieMZyqssUQoixpSqI1RfJrfTl/sURLY=
github.com/remorses/graphql-go-tools v0.0.0-20200506161536-a31d9b4aa896/go.mod h1:oO7RviMuSoVdW1uBrannRMSLoRO6Hpzfds/908drdj4=
github.com/stretchr/objx v0.1.0/go.mod h1:HFkY916IF+rwdDfMAkV7OtwuqBVzrE8GR6GFx+wExME=
github.com/stretchr/testify v1.5.1 h1:nOGnQDM7FYENwehXlg/kFVnos3rEvtKTjRvOWSzb6H4=
github.com/stretchr/testify v1.5.1/go.mod h1:5W2xD1RspED5o8YsWQXVCued0rvSQ+mT+I5cxcmMvtA=
golang.org/x/crypto v0.0.0-20190308221718-c2843e01d9a2/go.mod h1:djNgcEr1/C05ACkg1iLfiJU5Ep61QUkGW8qpdssI0+w=
golang.org/x/net v0.0.0-20200505041828-1ed23360d12c h1:zJ0mtu4jCalhKg6Oaukv6iIkb+cOvDrajDH9DH46Q4M=
golang.org/x/net v0.0.0-20200505041828-1ed23360d12c/go.mod h1:qpuaurCH72eLCgpAm/N6yyVIVM9cpaDIP3A8BGJEC5A=
golang.org/x/sys v0.0.0-20190215142949-d0b11bdaac8a/go.mod h1:STP8DvDyc/dI5b8T5hshtkjS+E42TnysNCUPdjciGhY=
golang.org/x/sys v0.0.0-20200323222414-85ca7c5b95cd/go.mod h1:h1NjWce9XRLGQEsW7wpKNCjG9DtNlClVuFLEZdDNbEs=
golang.org/x/text v0.3.0/go.mod h1:NqM8EUOU14njkJ3fqMW+pc6Ldnwhi/IjpwHt7yyuwOQ=
gopkg.in/check.v1 v0.0.0-20161208181325-20d25e280405/go.mod h1:Co6ibVJAznAaIkqp8huTwlJQCZ016jof/cbN4VW5Yz0=
gopkg.in/yaml.v2 v2.2.2 h1:ZCJp+EgiOT7lHqUV2J862kp8Qj64Jo6az82+3Td9dZw=
gopkg.in/yaml.v2 v2.2.2/go.mod h1:hI93XBmqTisBFMUTm0b8Fm+jr3Dg1NNxqwp+5A1VGuI=
