github.com/bhoriuchi/graphql-go-tools v0.0.0-20190911192059-fe56277415a1 h1:9HAhaOMcG5fHaiuLjFHOauktFYxIcdLPST8lHzGiAA0=
github.com/bhoriuchi/graphql-go-tools v0.0.0-20190911192059-fe56277415a1/go.mod h1:RCXP/JsuA9ChoSfDDKZkBc/ojtZOqJU72JCO9copJbw=
github.com/carted/graphql v0.7.6 h1:1DAom3l7Irln/hHlPMBR6w/RirCXjopsCY9WCZc7WUc=
github.com/carted/graphql v0.7.6/go.mod h1:aIVByVaa4avHzEnahcnHbP48OrkT/+gTtxBT+dPV2R0=
github.com/davecgh/go-spew v1.1.0 h1:ZDRjVQ15GmhC3fiQ8ni8+OwkZQO4DARzQgrnXU1Liz8=
github.com/davecgh/go-spew v1.1.0/go.mod h1:J7Y8YcW2NihsgmVo/mv3lAwl/skON4iLHjSsI+c5H38=
github.com/graphql-go/graphql v0.7.9 h1:5Va/Rt4l5g3YjwDnid3vFfn43faaQBq7rMcIZ0VnV34=
github.com/graphql-go/graphql v0.7.9/go.mod h1:k6yrAYQaSP59DC5UVxbgxESlmVyojThKdORUqGDGmrI=
github.com/graphql/graphql v0.0.0-20200430170520-a1c1348c252e h1:q9nSBkV5qQT+UHB5ROnB4kNICoOfNLHxZv7yYn+zPkY=
github.com/pmezard/go-difflib v1.0.0 h1:4DBwDE0NGyQoBHbLQYPwSUPoCMWR5BEzIk/f1lZbAQM=
github.com/pmezard/go-difflib v1.0.0/go.mod h1:iKH77koFhYxTK1pcRnkKkqfTogsbg7gZNVY4sRDYZ/4=
github.com/stretchr/objx v0.1.0/go.mod h1:HFkY916IF+rwdDfMAkV7OtwuqBVzrE8GR6GFx+wExME=
github.com/stretchr/testify v1.5.1 h1:nOGnQDM7FYENwehXlg/kFVnos3rEvtKTjRvOWSzb6H4=
github.com/stretchr/testify v1.5.1/go.mod h1:5W2xD1RspED5o8YsWQXVCued0rvSQ+mT+I5cxcmMvtA=
gopkg.in/check.v1 v0.0.0-20161208181325-20d25e280405/go.mod h1:Co6ibVJAznAaIkqp8huTwlJQCZ016jof/cbN4VW5Yz0=
gopkg.in/yaml.v2 v2.2.2 h1:ZCJp+EgiOT7lHqUV2J862kp8Qj64Jo6az82+3Td9dZw=
gopkg.in/yaml.v2 v2.2.2/go.mod h1:hI93XBmqTisBFMUTm0b8Fm+jr3Dg1NNxqwp+5A1VGuI=
